PODS:
  - Material (2.16.4):
    - Material/Core (= 2.16.4)
  - Material/Core (2.16.4):
    - Motion (~> 1.4.3)
  - Motion (1.4.3):
    - Motion/Core (= 1.4.3)
  - Motion/Core (1.4.3)

DEPENDENCIES:
  - Material (~> 2.0)

SPEC REPOS:
  trunk:
    - Material
    - Motion

SPEC CHECKSUMS:
  Material: 4ed78690b09ffd148b5ffab6b4367fb1d8da1cd3
  Motion: 153ba49692997888556c7a95207278a8b1f8be95

PODFILE CHECKSUM: b193386000c4ba8abd8fb7d163258ba639dcb331

COCOAPODS: 1.16.2
